
Microsoft Visual Studio Solution File, Format Version 12.00
# Visual Studio Version 17
VisualStudioVersion = 17.8.34330.188
MinimumVisualStudioVersion = 10.0.40219.1
Project("{FAE04EC0-301F-11D3-BF4B-00C04F79EFBC}") = "L01P022019GR603", "L01P022019GR603\L01P022019GR603.csproj", "{8D22DCCE-136E-49D6-A8BB-F33F48775DCA}"
EndProject
Global
	GlobalSection(SolutionConfigurationPlatforms) = preSolution
		Debug|Any CPU = Debug|Any CPU
		Release|Any CPU = Release|Any CPU
	EndGlobalSection
	GlobalSection(ProjectConfigurationPlatforms) = postSolution
		{8D22DCCE-136E-49D6-A8BB-F33F48775DCA}.Debug|Any CPU.ActiveCfg = Debug|Any CPU
		{8D22DCCE-136E-49D6-A8BB-F33F48775DCA}.Debug|Any CPU.Build.0 = Debug|Any CPU
		{8D22DCCE-136E-49D6-A8BB-F33F48775DCA}.Release|Any CPU.ActiveCfg = Release|Any CPU
		{8D22DCCE-136E-49D6-A8BB-F33F48775DCA}.Release|Any CPU.Build.0 = Release|Any CPU
	EndGlobalSection
	GlobalSection(SolutionProperties) = preSolution
		HideSolutionNode = FALSE
	EndGlobalSection
	GlobalSection(ExtensibilityGlobals) = postSolution
		SolutionGuid = {4B9DCAE3-E800-4D74-8B51-17ECF26175CA}
	EndGlobalSection
EndGlobal
